
Microsoft Visual Studio Solution File, Format Version 12.00
# Visual Studio Version 16
VisualStudioVersion = 16.0.29001.49
MinimumVisualStudioVersion = 10.0.40219.1
Project("{FAE04EC0-301F-11D3-BF4B-00C04F79EFBC}") = "PhoneSwitchboard", "PhoneSwitchboard\PhoneSwitchboard.csproj", "{750077D3-0F06-41DB-9A10-E4A0C0836348}"
EndProject
Global
	GlobalSection(SolutionConfigurationPlatforms) = preSolution
		Debug|Any CPU = Debug|Any CPU
		Release|Any CPU = Release|Any CPU
	EndGlobalSection
	GlobalSection(ProjectConfigurationPlatforms) = postSolution
		{750077D3-0F06-41DB-9A10-E4A0C0836348}.Debug|Any CPU.ActiveCfg = Debug|Any CPU
		{750077D3-0F06-41DB-9A10-E4A0C0836348}.Debug|Any CPU.Build.0 = Debug|Any CPU
		{750077D3-0F06-41DB-9A10-E4A0C0836348}.Release|Any CPU.ActiveCfg = Release|Any CPU
		{750077D3-0F06-41DB-9A10-E4A0C0836348}.Release|Any CPU.Build.0 = Release|Any CPU
	EndGlobalSection
	GlobalSection(SolutionProperties) = preSolution
		HideSolutionNode = FALSE
	EndGlobalSection
	GlobalSection(ExtensibilityGlobals) = postSolution
		SolutionGuid = {99ADCEE1-CE9C-4BB9-B783-4E476842606B}
	EndGlobalSection
EndGlobal
